
Microsoft Visual Studio Solution File, Format Version 12.00
# Visual Studio Version 16
VisualStudioVersion = 16.0.30717.126
MinimumVisualStudioVersion = 10.0.40219.1
Project("{9A19103F-16F7-4668-BE54-9A1E7A4F7556}") = "Homey.Net", "Homey.Net\Homey.Net.csproj", "{B63F3A39-17FD-4B6A-AC6F-EB9674D0D933}"
EndProject
Project("{9A19103F-16F7-4668-BE54-9A1E7A4F7556}") = "Homey.Net.Test", "Homey.Net.Test\Homey.Net.Test.csproj", "{4EFD155A-F330-4F55-ADBD-581B462D0040}"
EndProject
Project("{2150E333-8FDC-42A3-9474-1A3956D46DE8}") = "Solution Items", "Solution Items", "{A226352A-B1DB-4F25-8CA9-0991BBC98202}"
	ProjectSection(SolutionItems) = preProject
		.editorconfig = .editorconfig
	EndProjectSection
EndProject
Global
	GlobalSection(SolutionConfigurationPlatforms) = preSolution
		Debug|Any CPU = Debug|Any CPU
		Release|Any CPU = Release|Any CPU
	EndGlobalSection
	GlobalSection(ProjectConfigurationPlatforms) = postSolution
		{B63F3A39-17FD-4B6A-AC6F-EB9674D0D933}.Debug|Any CPU.ActiveCfg = Debug|Any CPU
		{B63F3A39-17FD-4B6A-AC6F-EB9674D0D933}.Debug|Any CPU.Build.0 = Debug|Any CPU
		{B63F3A39-17FD-4B6A-AC6F-EB9674D0D933}.Release|Any CPU.ActiveCfg = Release|Any CPU
		{B63F3A39-17FD-4B6A-AC6F-EB9674D0D933}.Release|Any CPU.Build.0 = Release|Any CPU
		{4EFD155A-F330-4F55-ADBD-581B462D0040}.Debug|Any CPU.ActiveCfg = Debug|Any CPU
		{4EFD155A-F330-4F55-ADBD-581B462D0040}.Debug|Any CPU.Build.0 = Debug|Any CPU
		{4EFD155A-F330-4F55-ADBD-581B462D0040}.Release|Any CPU.ActiveCfg = Release|Any CPU
		{4EFD155A-F330-4F55-ADBD-581B462D0040}.Release|Any CPU.Build.0 = Release|Any CPU
	EndGlobalSection
	GlobalSection(SolutionProperties) = preSolution
		HideSolutionNode = FALSE
	EndGlobalSection
	GlobalSection(ExtensibilityGlobals) = postSolution
		SolutionGuid = {7DB55C74-CD2A-4799-B3D4-A7BE2B8FA269}
	EndGlobalSection
EndGlobal
